
Microsoft Visual Studio Solution File, Format Version 12.00
# Visual Studio Version 17
VisualStudioVersion = 17.2.32630.192
MinimumVisualStudioVersion = 10.0.40219.1
Project("{9A19103F-16F7-4668-BE54-9A1E7A4F7556}") = "Bot", "Bot.csproj", "{A0B73F5A-91B9-49AC-8492-98C79DD3204A}"
EndProject
Global
	GlobalSection(SolutionConfigurationPlatforms) = preSolution
		Debug|Any CPU = Debug|Any CPU
		Release|Any CPU = Release|Any CPU
	EndGlobalSection
	GlobalSection(ProjectConfigurationPlatforms) = postSolution
		{A0B73F5A-91B9-49AC-8492-98C79DD3204A}.Debug|Any CPU.ActiveCfg = Debug|Any CPU
		{A0B73F5A-91B9-49AC-8492-98C79DD3204A}.Debug|Any CPU.Build.0 = Debug|Any CPU
		{A0B73F5A-91B9-49AC-8492-98C79DD3204A}.Release|Any CPU.ActiveCfg = Release|Any CPU
		{A0B73F5A-91B9-49AC-8492-98C79DD3204A}.Release|Any CPU.Build.0 = Release|Any CPU
	EndGlobalSection
	GlobalSection(SolutionProperties) = preSolution
		HideSolutionNode = FALSE
	EndGlobalSection
	GlobalSection(ExtensibilityGlobals) = postSolution
		SolutionGuid = {5F7F2B4D-868B-49AD-BA50-BB1FAF249C58}
	EndGlobalSection
EndGlobal
